
Microsoft Visual Studio Solution File, Format Version 12.00
# Visual Studio Version 16
VisualStudioVersion = 16.0.30204.135
MinimumVisualStudioVersion = 10.0.40219.1
Project("{FAE04EC0-301F-11D3-BF4B-00C04F79EFBC}") = "EntityFrameworkCodeFirstConsole", "EntityFrameworkCodeFirstConsole\EntityFrameworkCodeFirstConsole.csproj", "{33925187-15AE-498D-A3B8-D5F4DC644166}"
EndProject
Global
	GlobalSection(SolutionConfigurationPlatforms) = preSolution
		Debug|Any CPU = Debug|Any CPU
		Release|Any CPU = Release|Any CPU
	EndGlobalSection
	GlobalSection(ProjectConfigurationPlatforms) = postSolution
		{33925187-15AE-498D-A3B8-D5F4DC644166}.Debug|Any CPU.ActiveCfg = Debug|Any CPU
		{33925187-15AE-498D-A3B8-D5F4DC644166}.Debug|Any CPU.Build.0 = Debug|Any CPU
		{33925187-15AE-498D-A3B8-D5F4DC644166}.Release|Any CPU.ActiveCfg = Release|Any CPU
		{33925187-15AE-498D-A3B8-D5F4DC644166}.Release|Any CPU.Build.0 = Release|Any CPU
	EndGlobalSection
	GlobalSection(SolutionProperties) = preSolution
		HideSolutionNode = FALSE
	EndGlobalSection
	GlobalSection(ExtensibilityGlobals) = postSolution
		SolutionGuid = {25A65CBA-9975-4715-BA8F-07411BDB8546}
	EndGlobalSection
EndGlobal
